
Microsoft Visual Studio Solution File, Format Version 12.00
# Visual Studio 2013
VisualStudioVersion = 12.0.30723.0
MinimumVisualStudioVersion = 10.0.40219.1
Project("{FAE04EC0-301F-11D3-BF4B-00C04F79EFBC}") = "Pattern", "Pattern\Pattern.csproj", "{9F13C176-136B-48CD-BDA5-1BB29B92B929}"
EndProject
Project("{FAE04EC0-301F-11D3-BF4B-00C04F79EFBC}") = "TemplateMethod", "TemplateMethod\TemplateMethod.csproj", "{8E521674-D011-486E-BD2E-480C07DF3FBA}"
EndProject
Project("{FAE04EC0-301F-11D3-BF4B-00C04F79EFBC}") = "Strategy", "Strategy\Strategy.csproj", "{4A74C167-D660-402E-9D3C-289E90CCCB12}"
EndProject
Project("{FAE04EC0-301F-11D3-BF4B-00C04F79EFBC}") = "SingletonPattern", "Singleton\SingletonPattern.csproj", "{CA8C3BA0-4C14-4BD7-8BCA-9153B969D1D6}"
EndProject
Project("{FAE04EC0-301F-11D3-BF4B-00C04F79EFBC}") = "MonostatePattern", "Monostate\MonostatePattern.csproj", "{EDA64A8C-B223-45F1-8E39-544B55216BC7}"
EndProject
Project("{FAE04EC0-301F-11D3-BF4B-00C04F79EFBC}") = "NullObjectPattern", "NullObjectPattern\NullObjectPattern.csproj", "{B68F88D7-1145-4BC5-83FB-B6DFC8D76792}"
EndProject
Project("{FAE04EC0-301F-11D3-BF4B-00C04F79EFBC}") = "StrategyByDoFactory", "StrategyByDoFactory\StrategyByDoFactory.csproj", "{B4C8741C-29B5-4271-B444-0FE2CD6E6916}"
EndProject
Project("{FAE04EC0-301F-11D3-BF4B-00C04F79EFBC}") = "Facade", "Facade\Facade.csproj", "{7008663E-A43F-437B-B1B4-D8FBDE0DEE9C}"
EndProject
Project("{FAE04EC0-301F-11D3-BF4B-00C04F79EFBC}") = "TemplateMethod_HamburgerVShotDog", "TemplateMethod_HamburgerVShotDog\TemplateMethod_HamburgerVShotDog.csproj", "{5FAC87CD-DEBD-4246-B099-8DBE3FEDCDB5}"
EndProject
Project("{FAE04EC0-301F-11D3-BF4B-00C04F79EFBC}") = "Adapter", "Adapter\Adapter.csproj", "{CD503161-E8B4-4FBC-A724-A29639A777AC}"
EndProject
Project("{FAE04EC0-301F-11D3-BF4B-00C04F79EFBC}") = "Observer", "Observer\Observer.csproj", "{D14F1D31-DB5A-41BA-8BF5-1F078924CF0E}"
EndProject
Project("{FAE04EC0-301F-11D3-BF4B-00C04F79EFBC}") = "ObserverByDoFactory", "ObserverByDoFactory\ObserverByDoFactory.csproj", "{2D833AA0-F6A8-4B9F-B01E-CA98795B9D3B}"
EndProject
Project("{FAE04EC0-301F-11D3-BF4B-00C04F79EFBC}") = "Decorator", "Decorator\Decorator.csproj", "{17A6002D-DAB3-41F8-B4E7-8619C8575765}"
EndProject
Global
	GlobalSection(SolutionConfigurationPlatforms) = preSolution
		Debug|Any CPU = Debug|Any CPU
		Release|Any CPU = Release|Any CPU
	EndGlobalSection
	GlobalSection(ProjectConfigurationPlatforms) = postSolution
		{9F13C176-136B-48CD-BDA5-1BB29B92B929}.Debug|Any CPU.ActiveCfg = Debug|Any CPU
		{9F13C176-136B-48CD-BDA5-1BB29B92B929}.Debug|Any CPU.Build.0 = Debug|Any CPU
		{9F13C176-136B-48CD-BDA5-1BB29B92B929}.Release|Any CPU.ActiveCfg = Release|Any CPU
		{9F13C176-136B-48CD-BDA5-1BB29B92B929}.Release|Any CPU.Build.0 = Release|Any CPU
		{8E521674-D011-486E-BD2E-480C07DF3FBA}.Debug|Any CPU.ActiveCfg = Debug|Any CPU
		{8E521674-D011-486E-BD2E-480C07DF3FBA}.Debug|Any CPU.Build.0 = Debug|Any CPU
		{8E521674-D011-486E-BD2E-480C07DF3FBA}.Release|Any CPU.ActiveCfg = Release|Any CPU
		{8E521674-D011-486E-BD2E-480C07DF3FBA}.Release|Any CPU.Build.0 = Release|Any CPU
		{4A74C167-D660-402E-9D3C-289E90CCCB12}.Debug|Any CPU.ActiveCfg = Debug|Any CPU
		{4A74C167-D660-402E-9D3C-289E90CCCB12}.Debug|Any CPU.Build.0 = Debug|Any CPU
		{4A74C167-D660-402E-9D3C-289E90CCCB12}.Release|Any CPU.ActiveCfg = Release|Any CPU
		{4A74C167-D660-402E-9D3C-289E90CCCB12}.Release|Any CPU.Build.0 = Release|Any CPU
		{CA8C3BA0-4C14-4BD7-8BCA-9153B969D1D6}.Debug|Any CPU.ActiveCfg = Debug|Any CPU
		{CA8C3BA0-4C14-4BD7-8BCA-9153B969D1D6}.Debug|Any CPU.Build.0 = Debug|Any CPU
		{CA8C3BA0-4C14-4BD7-8BCA-9153B969D1D6}.Release|Any CPU.ActiveCfg = Release|Any CPU
		{CA8C3BA0-4C14-4BD7-8BCA-9153B969D1D6}.Release|Any CPU.Build.0 = Release|Any CPU
		{EDA64A8C-B223-45F1-8E39-544B55216BC7}.Debug|Any CPU.ActiveCfg = Debug|Any CPU
		{EDA64A8C-B223-45F1-8E39-544B55216BC7}.Debug|Any CPU.Build.0 = Debug|Any CPU
		{EDA64A8C-B223-45F1-8E39-544B55216BC7}.Release|Any CPU.ActiveCfg = Release|Any CPU
		{EDA64A8C-B223-45F1-8E39-544B55216BC7}.Release|Any CPU.Build.0 = Release|Any CPU
		{B68F88D7-1145-4BC5-83FB-B6DFC8D76792}.Debug|Any CPU.ActiveCfg = Debug|Any CPU
		{B68F88D7-1145-4BC5-83FB-B6DFC8D76792}.Debug|Any CPU.Build.0 = Debug|Any CPU
		{B68F88D7-1145-4BC5-83FB-B6DFC8D76792}.Release|Any CPU.ActiveCfg = Release|Any CPU
		{B68F88D7-1145-4BC5-83FB-B6DFC8D76792}.Release|Any CPU.Build.0 = Release|Any CPU
		{B4C8741C-29B5-4271-B444-0FE2CD6E6916}.Debug|Any CPU.ActiveCfg = Debug|Any CPU
		{B4C8741C-29B5-4271-B444-0FE2CD6E6916}.Debug|Any CPU.Build.0 = Debug|Any CPU
		{B4C8741C-29B5-4271-B444-0FE2CD6E6916}.Release|Any CPU.ActiveCfg = Release|Any CPU
		{B4C8741C-29B5-4271-B444-0FE2CD6E6916}.Release|Any CPU.Build.0 = Release|Any CPU
		{7008663E-A43F-437B-B1B4-D8FBDE0DEE9C}.Debug|Any CPU.ActiveCfg = Debug|Any CPU
		{7008663E-A43F-437B-B1B4-D8FBDE0DEE9C}.Debug|Any CPU.Build.0 = Debug|Any CPU
		{7008663E-A43F-437B-B1B4-D8FBDE0DEE9C}.Release|Any CPU.ActiveCfg = Release|Any CPU
		{7008663E-A43F-437B-B1B4-D8FBDE0DEE9C}.Release|Any CPU.Build.0 = Release|Any CPU
		{5FAC87CD-DEBD-4246-B099-8DBE3FEDCDB5}.Debug|Any CPU.ActiveCfg = Debug|Any CPU
		{5FAC87CD-DEBD-4246-B099-8DBE3FEDCDB5}.Debug|Any CPU.Build.0 = Debug|Any CPU
		{5FAC87CD-DEBD-4246-B099-8DBE3FEDCDB5}.Release|Any CPU.ActiveCfg = Release|Any CPU
		{5FAC87CD-DEBD-4246-B099-8DBE3FEDCDB5}.Release|Any CPU.Build.0 = Release|Any CPU
		{CD503161-E8B4-4FBC-A724-A29639A777AC}.Debug|Any CPU.ActiveCfg = Debug|Any CPU
		{CD503161-E8B4-4FBC-A724-A29639A777AC}.Debug|Any CPU.Build.0 = Debug|Any CPU
		{CD503161-E8B4-4FBC-A724-A29639A777AC}.Release|Any CPU.ActiveCfg = Release|Any CPU
		{CD503161-E8B4-4FBC-A724-A29639A777AC}.Release|Any CPU.Build.0 = Release|Any CPU
		{D14F1D31-DB5A-41BA-8BF5-1F078924CF0E}.Debug|Any CPU.ActiveCfg = Debug|Any CPU
		{D14F1D31-DB5A-41BA-8BF5-1F078924CF0E}.Debug|Any CPU.Build.0 = Debug|Any CPU
		{D14F1D31-DB5A-41BA-8BF5-1F078924CF0E}.Release|Any CPU.ActiveCfg = Release|Any CPU
		{D14F1D31-DB5A-41BA-8BF5-1F078924CF0E}.Release|Any CPU.Build.0 = Release|Any CPU
		{2D833AA0-F6A8-4B9F-B01E-CA98795B9D3B}.Debug|Any CPU.ActiveCfg = Debug|Any CPU
		{2D833AA0-F6A8-4B9F-B01E-CA98795B9D3B}.Debug|Any CPU.Build.0 = Debug|Any CPU
		{2D833AA0-F6A8-4B9F-B01E-CA98795B9D3B}.Release|Any CPU.ActiveCfg = Release|Any CPU
		{2D833AA0-F6A8-4B9F-B01E-CA98795B9D3B}.Release|Any CPU.Build.0 = Release|Any CPU
		{17A6002D-DAB3-41F8-B4E7-8619C8575765}.Debug|Any CPU.ActiveCfg = Debug|Any CPU
		{17A6002D-DAB3-41F8-B4E7-8619C8575765}.Debug|Any CPU.Build.0 = Debug|Any CPU
		{17A6002D-DAB3-41F8-B4E7-8619C8575765}.Release|Any CPU.ActiveCfg = Release|Any CPU
		{17A6002D-DAB3-41F8-B4E7-8619C8575765}.Release|Any CPU.Build.0 = Release|Any CPU
	EndGlobalSection
	GlobalSection(SolutionProperties) = preSolution
		HideSolutionNode = FALSE
	EndGlobalSection
EndGlobal
