
Microsoft Visual Studio Solution File, Format Version 12.00
# Visual Studio 2013
VisualStudioVersion = 12.0.30723.0
MinimumVisualStudioVersion = 10.0.40219.1
Project("{FAE04EC0-301F-11D3-BF4B-00C04F79EFBC}") = "Pattern", "Pattern\Pattern.csproj", "{9F13C176-136B-48CD-BDA5-1BB29B92B929}"
EndProject
Project("{FAE04EC0-301F-11D3-BF4B-00C04F79EFBC}") = "TemplateMethod", "TemplateMethod\TemplateMethod.csproj", "{8E521674-D011-486E-BD2E-480C07DF3FBA}"
EndProject
Global
	GlobalSection(SolutionConfigurationPlatforms) = preSolution
		Debug|Any CPU = Debug|Any CPU
		Release|Any CPU = Release|Any CPU
	EndGlobalSection
	GlobalSection(ProjectConfigurationPlatforms) = postSolution
		{9F13C176-136B-48CD-BDA5-1BB29B92B929}.Debug|Any CPU.ActiveCfg = Debug|Any CPU
		{9F13C176-136B-48CD-BDA5-1BB29B92B929}.Debug|Any CPU.Build.0 = Debug|Any CPU
		{9F13C176-136B-48CD-BDA5-1BB29B92B929}.Release|Any CPU.ActiveCfg = Release|Any CPU
		{9F13C176-136B-48CD-BDA5-1BB29B92B929}.Release|Any CPU.Build.0 = Release|Any CPU
		{8E521674-D011-486E-BD2E-480C07DF3FBA}.Debug|Any CPU.ActiveCfg = Debug|Any CPU
		{8E521674-D011-486E-BD2E-480C07DF3FBA}.Debug|Any CPU.Build.0 = Debug|Any CPU
		{8E521674-D011-486E-BD2E-480C07DF3FBA}.Release|Any CPU.ActiveCfg = Release|Any CPU
		{8E521674-D011-486E-BD2E-480C07DF3FBA}.Release|Any CPU.Build.0 = Release|Any CPU
	EndGlobalSection
	GlobalSection(SolutionProperties) = preSolution
		HideSolutionNode = FALSE
	EndGlobalSection
EndGlobal
